
Microsoft Visual Studio Solution File, Format Version 12.00
# Visual Studio 15
VisualStudioVersion = 15.0.28307.271
MinimumVisualStudioVersion = 10.0.40219.1
Project("{FAE04EC0-301F-11D3-BF4B-00C04F79EFBC}") = "Deliverable 3 Methods", "Deliverable 3 Methods\Deliverable 3 Methods.csproj", "{4734D475-5F0A-42F6-BCC7-916EA2651B96}"
EndProject
Global
	GlobalSection(SolutionConfigurationPlatforms) = preSolution
		Debug|Any CPU = Debug|Any CPU
		Release|Any CPU = Release|Any CPU
	EndGlobalSection
	GlobalSection(ProjectConfigurationPlatforms) = postSolution
		{4734D475-5F0A-42F6-BCC7-916EA2651B96}.Debug|Any CPU.ActiveCfg = Debug|Any CPU
		{4734D475-5F0A-42F6-BCC7-916EA2651B96}.Debug|Any CPU.Build.0 = Debug|Any CPU
		{4734D475-5F0A-42F6-BCC7-916EA2651B96}.Release|Any CPU.ActiveCfg = Release|Any CPU
		{4734D475-5F0A-42F6-BCC7-916EA2651B96}.Release|Any CPU.Build.0 = Release|Any CPU
	EndGlobalSection
	GlobalSection(SolutionProperties) = preSolution
		HideSolutionNode = FALSE
	EndGlobalSection
	GlobalSection(ExtensibilityGlobals) = postSolution
		SolutionGuid = {77FAFB24-E743-46A3-8D65-BCBE0079284F}
	EndGlobalSection
EndGlobal
